
Microsoft Visual Studio Solution File, Format Version 12.00
# Visual Studio 15
VisualStudioVersion = 15.0.28307.1062
MinimumVisualStudioVersion = 10.0.40219.1
Project("{FAE04EC0-301F-11D3-BF4B-00C04F79EFBC}") = "WindowsCertificate", "WindowsCertificate\WindowsCertificate.csproj", "{B077D7D4-B12F-40CC-B20B-53D90B0A8277}"
EndProject
Global
	GlobalSection(SolutionConfigurationPlatforms) = preSolution
		Debug|Any CPU = Debug|Any CPU
		Release|Any CPU = Release|Any CPU
	EndGlobalSection
	GlobalSection(ProjectConfigurationPlatforms) = postSolution
		{B077D7D4-B12F-40CC-B20B-53D90B0A8277}.Debug|Any CPU.ActiveCfg = Debug|Any CPU
		{B077D7D4-B12F-40CC-B20B-53D90B0A8277}.Debug|Any CPU.Build.0 = Debug|Any CPU
		{B077D7D4-B12F-40CC-B20B-53D90B0A8277}.Release|Any CPU.ActiveCfg = Release|Any CPU
		{B077D7D4-B12F-40CC-B20B-53D90B0A8277}.Release|Any CPU.Build.0 = Release|Any CPU
	EndGlobalSection
	GlobalSection(SolutionProperties) = preSolution
		HideSolutionNode = FALSE
	EndGlobalSection
	GlobalSection(ExtensibilityGlobals) = postSolution
		SolutionGuid = {92F1FE84-A83F-4263-8664-54CFC0274C60}
	EndGlobalSection
EndGlobal
